
Microsoft Visual Studio Solution File, Format Version 12.00
# Visual Studio 14
VisualStudioVersion = 14.0.25123.0
MinimumVisualStudioVersion = 10.0.40219.1
Project("{FAE04EC0-301F-11D3-BF4B-00C04F79EFBC}") = "MulticastTsLibrary", "MulticastLibrary\MulticastTsLibrary.csproj", "{73442C3A-C94A-4E58-B155-D94B692AEA8A}"
EndProject
Project("{2150E333-8FDC-42A3-9474-1A3956D46DE8}") = "Solution Items", "Solution Items", "{64CB833B-5C0F-4CDA-BC81-9B4CF84BD90C}"
	ProjectSection(SolutionItems) = preProject
		Icon\icon.ico = Icon\icon.ico
		LICENSE.txt = LICENSE.txt
	EndProjectSection
EndProject
Project("{FAE04EC0-301F-11D3-BF4B-00C04F79EFBC}") = "Streamer", "Streamer\Streamer.csproj", "{D6CF76BC-C3A9-4B77-A761-699E49E7F2C4}"
EndProject
Global
	GlobalSection(SolutionConfigurationPlatforms) = preSolution
		Debug|Any CPU = Debug|Any CPU
		Debug|x86 = Debug|x86
		Release|Any CPU = Release|Any CPU
		Release|x86 = Release|x86
	EndGlobalSection
	GlobalSection(ProjectConfigurationPlatforms) = postSolution
		{73442C3A-C94A-4E58-B155-D94B692AEA8A}.Debug|Any CPU.ActiveCfg = Debug|Any CPU
		{73442C3A-C94A-4E58-B155-D94B692AEA8A}.Debug|Any CPU.Build.0 = Debug|Any CPU
		{73442C3A-C94A-4E58-B155-D94B692AEA8A}.Debug|x86.ActiveCfg = Debug|Any CPU
		{73442C3A-C94A-4E58-B155-D94B692AEA8A}.Debug|x86.Build.0 = Debug|Any CPU
		{73442C3A-C94A-4E58-B155-D94B692AEA8A}.Release|Any CPU.ActiveCfg = Release|Any CPU
		{73442C3A-C94A-4E58-B155-D94B692AEA8A}.Release|Any CPU.Build.0 = Release|Any CPU
		{73442C3A-C94A-4E58-B155-D94B692AEA8A}.Release|x86.ActiveCfg = Release|Any CPU
		{73442C3A-C94A-4E58-B155-D94B692AEA8A}.Release|x86.Build.0 = Release|Any CPU
		{D6CF76BC-C3A9-4B77-A761-699E49E7F2C4}.Debug|Any CPU.ActiveCfg = Debug|Any CPU
		{D6CF76BC-C3A9-4B77-A761-699E49E7F2C4}.Debug|Any CPU.Build.0 = Debug|Any CPU
		{D6CF76BC-C3A9-4B77-A761-699E49E7F2C4}.Debug|x86.ActiveCfg = Debug|x86
		{D6CF76BC-C3A9-4B77-A761-699E49E7F2C4}.Debug|x86.Build.0 = Debug|x86
		{D6CF76BC-C3A9-4B77-A761-699E49E7F2C4}.Release|Any CPU.ActiveCfg = Release|Any CPU
		{D6CF76BC-C3A9-4B77-A761-699E49E7F2C4}.Release|Any CPU.Build.0 = Release|Any CPU
		{D6CF76BC-C3A9-4B77-A761-699E49E7F2C4}.Release|x86.ActiveCfg = Release|x86
		{D6CF76BC-C3A9-4B77-A761-699E49E7F2C4}.Release|x86.Build.0 = Release|x86
	EndGlobalSection
	GlobalSection(SolutionProperties) = preSolution
		HideSolutionNode = FALSE
	EndGlobalSection
EndGlobal
